
Microsoft Visual Studio Solution File, Format Version 12.00
# Visual Studio Version 17
VisualStudioVersion = 17.11.35327.3
MinimumVisualStudioVersion = 10.0.40219.1
Project("{FAE04EC0-301F-11D3-BF4B-00C04F79EFBC}") = "EjercicioExcepciones", "EjercicioExcepciones\EjercicioExcepciones.csproj", "{271BF284-AF0D-45D4-AED6-463BAD01EB77}"
EndProject
Global
	GlobalSection(SolutionConfigurationPlatforms) = preSolution
		Debug|Any CPU = Debug|Any CPU
		Release|Any CPU = Release|Any CPU
	EndGlobalSection
	GlobalSection(ProjectConfigurationPlatforms) = postSolution
		{271BF284-AF0D-45D4-AED6-463BAD01EB77}.Debug|Any CPU.ActiveCfg = Debug|Any CPU
		{271BF284-AF0D-45D4-AED6-463BAD01EB77}.Debug|Any CPU.Build.0 = Debug|Any CPU
		{271BF284-AF0D-45D4-AED6-463BAD01EB77}.Release|Any CPU.ActiveCfg = Release|Any CPU
		{271BF284-AF0D-45D4-AED6-463BAD01EB77}.Release|Any CPU.Build.0 = Release|Any CPU
	EndGlobalSection
	GlobalSection(SolutionProperties) = preSolution
		HideSolutionNode = FALSE
	EndGlobalSection
	GlobalSection(ExtensibilityGlobals) = postSolution
		SolutionGuid = {7DF57D28-6F57-456A-9DF4-822702D10B90}
	EndGlobalSection
EndGlobal
